<?xml version="1.0" encoding="UTF-8" standalone="yes" ?>
<CodeBlocks_project_file>
	<FileVersion major="1" minor="6" />
	<Project>
		<Option title="ChateauExploration" />
		<Option pch_mode="2" />
		<Option compiler="gcc" />
		<Build>
			<Target title="Debug">
				<Option output="bin/Debug/ChateauExploration" prefix_auto="1" extension_auto="1" />
				<Option object_output="obj/Debug/" />
				<Option type="1" />
				<Option compiler="gcc" />
				<Compiler>
					<Add option="-g" />
					<Add directory="./" />
				</Compiler>
			</Target>
			<Target title="Release">
				<Option output="bin/Release/ChateauExploration" prefix_auto="1" extension_auto="1" />
				<Option object_output="obj/Release/" />
				<Option type="1" />
				<Option compiler="gcc" />
				<Compiler>
					<Add option="-O2" />
					<Add directory="./" />
				</Compiler>
				<Linker>
					<Add option="-s" />
				</Linker>
			</Target>
		</Build>
		<Compiler>
			<Add option="-Wall" />
			<Add option="-fexceptions" />
		</Compiler>
		<Unit filename="AdventureGame.cpp" />
		<Unit filename="AdventureGame.h" />
		<Unit filename="Armure.cpp" />
		<Unit filename="Armure.h" />
		<Unit filename="Aventurier.cpp" />
		<Unit filename="Aventurier.h" />
		<Unit filename="CastleMap.cpp" />
		<Unit filename="CastleMap.h" />
		<Unit filename="Epee.cpp" />
		<Unit filename="Epee.h" />
		<Unit filename="Monstre.cpp" />
		<Unit filename="Monstre.h" />
		<Unit filename="MonstreAveugle.cpp" />
		<Unit filename="MonstreAveugle.h" />
		<Unit filename="MonstreVoyant.cpp" />
		<Unit filename="MonstreVoyant.h" />
		<Unit filename="Personnage.cpp" />
		<Unit filename="Personnage.h" />
		<Unit filename="Position.cpp" />
		<Unit filename="Position.h" />
		<Unit filename="cell.cpp" />
		<Unit filename="cell.h" />
		<Unit filename="main.cpp" />
		<Extensions>
			<lib_finder disable_auto="1" />
		</Extensions>
	</Project>
</CodeBlocks_project_file>
